// !$*UTF8*$!
{
	archiveVersion = 1;
	classes = {
	};
	objectVersion = 50;
	objects = {

/* Begin PBXBuildFile section */
		3CFB58FD23EFC08900897303 /* DahuaAPI.swift in Sources */ = {isa = PBXBuildFile; fileRef = 3CFB58FC23EFC08900897303 /* DahuaAPI.swift */; };
		84A5022B23EFBEB7006B60C6 /* AppDelegate.swift in Sources */ = {isa = PBXBuildFile; fileRef = 84A5022A23EFBEB7006B60C6 /* AppDelegate.swift */; };
		84A5022D23EFBEB7006B60C6 /* SceneDelegate.swift in Sources */ = {isa = PBXBuildFile; fileRef = 84A5022C23EFBEB7006B60C6 /* SceneDelegate.swift */; };
		84A5023223EFBEB7006B60C6 /* Main.storyboard in Resources */ = {isa = PBXBuildFile; fileRef = 84A5023023EFBEB7006B60C6 /* Main.storyboard */; };
		84A5023423EFBEBA006B60C6 /* Assets.xcassets in Resources */ = {isa = PBXBuildFile; fileRef = 84A5023323EFBEBA006B60C6 /* Assets.xcassets */; };
		84A5023723EFBEBA006B60C6 /* LaunchScreen.storyboard in Resources */ = {isa = PBXBuildFile; fileRef = 84A5023523EFBEBA006B60C6 /* LaunchScreen.storyboard */; };
		D37D401A8ADB9B8B556132F5 /* Pods_DahuaEvents.framework in Frameworks */ = {isa = PBXBuildFile; fileRef = 34DE03138F89ACB3A7594A9F /* Pods_DahuaEvents.framework */; };
/* End PBXBuildFile section */

/* Begin PBXFileReference section */
		34DE03138F89ACB3A7594A9F /* Pods_DahuaEvents.framework */ = {isa = PBXFileReference; explicitFileType = wrapper.framework; includeInIndex = 0; path = Pods_DahuaEvents.framework; sourceTree = BUILT_PRODUCTS_DIR; };
		3CFB58FC23EFC08900897303 /* DahuaAPI.swift */ = {isa = PBXFileReference; fileEncoding = 4; lastKnownFileType = sourcecode.swift; path = DahuaAPI.swift; sourceTree = "<group>"; };
		7BF8D9F7989B07DF541889FE /* Pods-DahuaEvents.debug.xcconfig */ = {isa = PBXFileReference; includeInIndex = 1; lastKnownFileType = text.xcconfig; name = "Pods-DahuaEvents.debug.xcconfig"; path = "Target Support Files/Pods-DahuaEvents/Pods-DahuaEvents.debug.xcconfig"; sourceTree = "<group>"; };
		84A5022723EFBEB7006B60C6 /* DahuaEvents.app */ = {isa = PBXFileReference; explicitFileType = wrapper.application; includeInIndex = 0; path = DahuaEvents.app; sourceTree = BUILT_PRODUCTS_DIR; };
		84A5022A23EFBEB7006B60C6 /* AppDelegate.swift */ = {isa = PBXFileReference; lastKnownFileType = sourcecode.swift; path = AppDelegate.swift; sourceTree = "<group>"; };
		84A5022C23EFBEB7006B60C6 /* SceneDelegate.swift */ = {isa = PBXFileReference; lastKnownFileType = sourcecode.swift; path = SceneDelegate.swift; sourceTree = "<group>"; };
		84A5023123EFBEB7006B60C6 /* Base */ = {isa = PBXFileReference; lastKnownFileType = file.storyboard; name = Base; path = Base.lproj/Main.storyboard; sourceTree = "<group>"; };
		84A5023323EFBEBA006B60C6 /* Assets.xcassets */ = {isa = PBXFileReference; lastKnownFileType = folder.assetcatalog; path = Assets.xcassets; sourceTree = "<group>"; };
		84A5023623EFBEBA006B60C6 /* Base */ = {isa = PBXFileReference; lastKnownFileType = file.storyboard; name = Base; path = Base.lproj/LaunchScreen.storyboard; sourceTree = "<group>"; };
		84A5023823EFBEBA006B60C6 /* Info.plist */ = {isa = PBXFileReference; lastKnownFileType = text.plist.xml; path = Info.plist; sourceTree = "<group>"; };
		A0EAA125DCC1CE911D187FB1 /* Pods-DahuaEvents.release.xcconfig */ = {isa = PBXFileReference; includeInIndex = 1; lastKnownFileType = text.xcconfig; name = "Pods-DahuaEvents.release.xcconfig"; path = "Target Support Files/Pods-DahuaEvents/Pods-DahuaEvents.release.xcconfig"; sourceTree = "<group>"; };
/* End PBXFileReference section */

/* Begin PBXFrameworksBuildPhase section */
		84A5022423EFBEB7006B60C6 /* Frameworks */ = {
			isa = PBXFrameworksBuildPhase;
			buildActionMask = 2147483647;
			files = (
				D37D401A8ADB9B8B556132F5 /* Pods_DahuaEvents.framework in Frameworks */,
			);
			runOnlyForDeploymentPostprocessing = 0;
		};
/* End PBXFrameworksBuildPhase section */

/* Begin PBXGroup section */
		3CFB58FE23EFC09100897303 /* Dahua */ = {
			isa = PBXGroup;
			children = (
				3CFB58FC23EFC08900897303 /* DahuaAPI.swift */,
			);
			path = Dahua;
			sourceTree = "<group>";
		};
		5DD6044926413131B115B533 /* Pods */ = {
			isa = PBXGroup;
			children = (
				7BF8D9F7989B07DF541889FE /* Pods-DahuaEvents.debug.xcconfig */,
				A0EAA125DCC1CE911D187FB1 /* Pods-DahuaEvents.release.xcconfig */,
			);
			name = Pods;
			path = Pods;
			sourceTree = "<group>";
		};
		84A5021E23EFBEB7006B60C6 = {
			isa = PBXGroup;
			children = (
				84A5022923EFBEB7006B60C6 /* DahuaEvents */,
				84A5022823EFBEB7006B60C6 /* Products */,
				5DD6044926413131B115B533 /* Pods */,
				D67B4884B2641497A75F705B /* Frameworks */,
			);
			sourceTree = "<group>";
		};
		84A5022823EFBEB7006B60C6 /* Products */ = {
			isa = PBXGroup;
			children = (
				84A5022723EFBEB7006B60C6 /* DahuaEvents.app */,
			);
			name = Products;
			sourceTree = "<group>";
		};
		84A5022923EFBEB7006B60C6 /* DahuaEvents */ = {
			isa = PBXGroup;
			children = (
				84A5022A23EFBEB7006B60C6 /* AppDelegate.swift */,
				84A5022C23EFBEB7006B60C6 /* SceneDelegate.swift */,
				3CFB58FE23EFC09100897303 /* Dahua */,
				84A5023023EFBEB7006B60C6 /* Main.storyboard */,
				84A5023323EFBEBA006B60C6 /* Assets.xcassets */,
				84A5023523EFBEBA006B60C6 /* LaunchScreen.storyboard */,
				84A5023823EFBEBA006B60C6 /* Info.plist */,
			);
			path = DahuaEvents;
			sourceTree = "<group>";
		};
		D67B4884B2641497A75F705B /* Frameworks */ = {
			isa = PBXGroup;
			children = (
				34DE03138F89ACB3A7594A9F /* Pods_DahuaEvents.framework */,
			);
			name = Frameworks;
			sourceTree = "<group>";
		};
/* End PBXGroup section */

/* Begin PBXNativeTarget section */
		84A5022623EFBEB7006B60C6 /* DahuaEvents */ = {
			isa = PBXNativeTarget;
			buildConfigurationList = 84A5023B23EFBEBA006B60C6 /* Build configuration list for PBXNativeTarget "DahuaEvents" */;
			buildPhases = (
				604A926843DD611D76A89A2F /* [CP] Check Pods Manifest.lock */,
				84A5022323EFBEB7006B60C6 /* Sources */,
				84A5022423EFBEB7006B60C6 /* Frameworks */,
				84A5022523EFBEB7006B60C6 /* Resources */,
				EFF64FF194358501F5F397C8 /* [CP] Embed Pods Frameworks */,
			);
			buildRules = (
			);
			dependencies = (
			);
			name = DahuaEvents;
			productName = DahuaEvents;
			productReference = 84A5022723EFBEB7006B60C6 /* DahuaEvents.app */;
			productType = "com.apple.product-type.application";
		};
/* End PBXNativeTarget section */

/* Begin PBXProject section */
		84A5021F23EFBEB7006B60C6 /* Project object */ = {
			isa = PBXProject;
			attributes = {
				LastSwiftUpdateCheck = 1130;
				LastUpgradeCheck = 1130;
				ORGANIZATIONNAME = home;
				TargetAttributes = {
					84A5022623EFBEB7006B60C6 = {
						CreatedOnToolsVersion = 11.3.1;
					};
				};
			};
			buildConfigurationList = 84A5022223EFBEB7006B60C6 /* Build configuration list for PBXProject "DahuaEvents" */;
			compatibilityVersion = "Xcode 9.3";
			developmentRegion = en;
			hasScannedForEncodings = 0;
			knownRegions = (
				en,
				Base,
			);
			mainGroup = 84A5021E23EFBEB7006B60C6;
			productRefGroup = 84A5022823EFBEB7006B60C6 /* Products */;
			projectDirPath = "";
			projectRoot = "";
			targets = (
				84A5022623EFBEB7006B60C6 /* DahuaEvents */,
			);
		};
/* End PBXProject section */

/* Begin PBXResourcesBuildPhase section */
		84A5022523EFBEB7006B60C6 /* Resources */ = {
			isa = PBXResourcesBuildPhase;
			buildActionMask = 2147483647;
			files = (
				84A5023723EFBEBA006B60C6 /* LaunchScreen.storyboard in Resources */,
				84A5023423EFBEBA006B60C6 /* Assets.xcassets in Resources */,
				84A5023223EFBEB7006B60C6 /* Main.storyboard in Resources */,
			);
			runOnlyForDeploymentPostprocessing = 0;
		};
/* End PBXResourcesBuildPhase section */

/* Begin PBXShellScriptBuildPhase section */
		604A926843DD611D76A89A2F /* [CP] Check Pods Manifest.lock */ = {
			isa = PBXShellScriptBuildPhase;
			buildActionMask = 2147483647;
			files = (
			);
			inputFileListPaths = (
			);
			inputPaths = (
				"${PODS_PODFILE_DIR_PATH}/Podfile.lock",
				"${PODS_ROOT}/Manifest.lock",
			);
			name = "[CP] Check Pods Manifest.lock";
			outputFileListPaths = (
			);
			outputPaths = (
				"$(DERIVED_FILE_DIR)/Pods-DahuaEvents-checkManifestLockResult.txt",
			);
			runOnlyForDeploymentPostprocessing = 0;
			shellPath = /bin/sh;
			shellScript = "diff \"${PODS_PODFILE_DIR_PATH}/Podfile.lock\" \"${PODS_ROOT}/Manifest.lock\" > /dev/null\nif [ $? != 0 ] ; then\n    # print error to STDERR\n    echo \"error: The sandbox is not in sync with the Podfile.lock. Run 'pod install' or update your CocoaPods installation.\" >&2\n    exit 1\nfi\n# This output is used by Xcode 'outputs' to avoid re-running this script phase.\necho \"SUCCESS\" > \"${SCRIPT_OUTPUT_FILE_0}\"\n";
			showEnvVarsInLog = 0;
		};
		EFF64FF194358501F5F397C8 /* [CP] Embed Pods Frameworks */ = {
			isa = PBXShellScriptBuildPhase;
			buildActionMask = 2147483647;
			files = (
			);
			inputFileListPaths = (
				"${PODS_ROOT}/Target Support Files/Pods-DahuaEvents/Pods-DahuaEvents-frameworks-${CONFIGURATION}-input-files.xcfilelist",
			);
			name = "[CP] Embed Pods Frameworks";
			outputFileListPaths = (
				"${PODS_ROOT}/Target Support Files/Pods-DahuaEvents/Pods-DahuaEvents-frameworks-${CONFIGURATION}-output-files.xcfilelist",
			);
			runOnlyForDeploymentPostprocessing = 0;
			shellPath = /bin/sh;
			shellScript = "\"${PODS_ROOT}/Target Support Files/Pods-DahuaEvents/Pods-DahuaEvents-frameworks.sh\"\n";
			showEnvVarsInLog = 0;
		};
/* End PBXShellScriptBuildPhase section */

/* Begin PBXSourcesBuildPhase section */
		84A5022323EFBEB7006B60C6 /* Sources */ = {
			isa = PBXSourcesBuildPhase;
			buildActionMask = 2147483647;
			files = (
				3CFB58FD23EFC08900897303 /* DahuaAPI.swift in Sources */,
				84A5022B23EFBEB7006B60C6 /* AppDelegate.swift in Sources */,
				84A5022D23EFBEB7006B60C6 /* SceneDelegate.swift in Sources */,
			);
			runOnlyForDeploymentPostprocessing = 0;
		};
/* End PBXSourcesBuildPhase section */

/* Begin PBXVariantGroup section */
		84A5023023EFBEB7006B60C6 /* Main.storyboard */ = {
			isa = PBXVariantGroup;
			children = (
				84A5023123EFBEB7006B60C6 /* Base */,
			);
			name = Main.storyboard;
			sourceTree = "<group>";
		};
		84A5023523EFBEBA006B60C6 /* LaunchScreen.storyboard */ = {
			isa = PBXVariantGroup;
			children = (
				84A5023623EFBEBA006B60C6 /* Base */,
			);
			name = LaunchScreen.storyboard;
			sourceTree = "<group>";
		};
/* End PBXVariantGroup section */

/* Begin XCBuildConfiguration section */
		84A5023923EFBEBA006B60C6 /* Debug */ = {
			isa = XCBuildConfiguration;
			buildSettings = {
				ALWAYS_SEARCH_USER_PATHS = NO;
				CLANG_ANALYZER_NONNULL = YES;
				CLANG_ANALYZER_NUMBER_OBJECT_CONVERSION = YES_AGGRESSIVE;
				CLANG_CXX_LANGUAGE_STANDARD = "gnu++14";
				CLANG_CXX_LIBRARY = "libc++";
				CLANG_ENABLE_MODULES = YES;
				CLANG_ENABLE_OBJC_ARC = YES;
				CLANG_ENABLE_OBJC_WEAK = YES;
				CLANG_WARN_BLOCK_CAPTURE_AUTORELEASING = YES;
				CLANG_WARN_BOOL_CONVERSION = YES;
				CLANG_WARN_COMMA = YES;
				CLANG_WARN_CONSTANT_CONVERSION = YES;
				CLANG_WARN_DEPRECATED_OBJC_IMPLEMENTATIONS = YES;
				CLANG_WARN_DIRECT_OBJC_ISA_USAGE = YES_ERROR;
				CLANG_WARN_DOCUMENTATION_COMMENTS = YES;
				CLANG_WARN_EMPTY_BODY = YES;
				CLANG_WARN_ENUM_CONVERSION = YES;
				CLANG_WARN_INFINITE_RECURSION = YES;
				CLANG_WARN_INT_CONVERSION = YES;
				CLANG_WARN_NON_LITERAL_NULL_CONVERSION = YES;
				CLANG_WARN_OBJC_IMPLICIT_RETAIN_SELF = YES;
				CLANG_WARN_OBJC_LITERAL_CONVERSION = YES;
				CLANG_WARN_OBJC_ROOT_CLASS = YES_ERROR;
				CLANG_WARN_RANGE_LOOP_ANALYSIS = YES;
				CLANG_WARN_STRICT_PROTOTYPES = YES;
				CLANG_WARN_SUSPICIOUS_MOVE = YES;
				CLANG_WARN_UNGUARDED_AVAILABILITY = YES_AGGRESSIVE;
				CLANG_WARN_UNREACHABLE_CODE = YES;
				CLANG_WARN__DUPLICATE_METHOD_MATCH = YES;
				COPY_PHASE_STRIP = NO;
				DEBUG_INFORMATION_FORMAT = dwarf;
				ENABLE_STRICT_OBJC_MSGSEND = YES;
				ENABLE_TESTABILITY = YES;
				GCC_C_LANGUAGE_STANDARD = gnu11;
				GCC_DYNAMIC_NO_PIC = NO;
				GCC_NO_COMMON_BLOCKS = YES;
				GCC_OPTIMIZATION_LEVEL = 0;
				GCC_PREPROCESSOR_DEFINITIONS = (
					"DEBUG=1",
					"$(inherited)",
				);
				GCC_WARN_64_TO_32_BIT_CONVERSION = YES;
				GCC_WARN_ABOUT_RETURN_TYPE = YES_ERROR;
				GCC_WARN_UNDECLARED_SELECTOR = YES;
				GCC_WARN_UNINITIALIZED_AUTOS = YES_AGGRESSIVE;
				GCC_WARN_UNUSED_FUNCTION = YES;
				GCC_WARN_UNUSED_VARIABLE = YES;
				IPHONEOS_DEPLOYMENT_TARGET = 13.2;
				MTL_ENABLE_DEBUG_INFO = INCLUDE_SOURCE;
				MTL_FAST_MATH = YES;
				ONLY_ACTIVE_ARCH = YES;
				SDKROOT = iphoneos;
				SWIFT_ACTIVE_COMPILATION_CONDITIONS = DEBUG;
				SWIFT_OPTIMIZATION_LEVEL = "-Onone";
			};
			name = Debug;
		};
		84A5023A23EFBEBA006B60C6 /* Release */ = {
			isa = XCBuildConfiguration;
			buildSettings = {
				ALWAYS_SEARCH_USER_PATHS = NO;
				CLANG_ANALYZER_NONNULL = YES;
				CLANG_ANALYZER_NUMBER_OBJECT_CONVERSION = YES_AGGRESSIVE;
				CLANG_CXX_LANGUAGE_STANDARD = "gnu++14";
				CLANG_CXX_LIBRARY = "libc++";
				CLANG_ENABLE_MODULES = YES;
				CLANG_ENABLE_OBJC_ARC = YES;
				CLANG_ENABLE_OBJC_WEAK = YES;
				CLANG_WARN_BLOCK_CAPTURE_AUTORELEASING = YES;
				CLANG_WARN_BOOL_CONVERSION = YES;
				CLANG_WARN_COMMA = YES;
				CLANG_WARN_CONSTANT_CONVERSION = YES;
				CLANG_WARN_DEPRECATED_OBJC_IMPLEMENTATIONS = YES;
				CLANG_WARN_DIRECT_OBJC_ISA_USAGE = YES_ERROR;
				CLANG_WARN_DOCUMENTATION_COMMENTS = YES;
				CLANG_WARN_EMPTY_BODY = YES;
				CLANG_WARN_ENUM_CONVERSION = YES;
				CLANG_WARN_INFINITE_RECURSION = YES;
				CLANG_WARN_INT_CONVERSION = YES;
				CLANG_WARN_NON_LITERAL_NULL_CONVERSION = YES;
				CLANG_WARN_OBJC_IMPLICIT_RETAIN_SELF = YES;
				CLANG_WARN_OBJC_LITERAL_CONVERSION = YES;
				CLANG_WARN_OBJC_ROOT_CLASS = YES_ERROR;
				CLANG_WARN_RANGE_LOOP_ANALYSIS = YES;
				CLANG_WARN_STRICT_PROTOTYPES = YES;
				CLANG_WARN_SUSPICIOUS_MOVE = YES;
				CLANG_WARN_UNGUARDED_AVAILABILITY = YES_AGGRESSIVE;
				CLANG_WARN_UNREACHABLE_CODE = YES;
				CLANG_WARN__DUPLICATE_METHOD_MATCH = YES;
				COPY_PHASE_STRIP = NO;
				DEBUG_INFORMATION_FORMAT = "dwarf-with-dsym";
				ENABLE_NS_ASSERTIONS = NO;
				ENABLE_STRICT_OBJC_MSGSEND = YES;
				GCC_C_LANGUAGE_STANDARD = gnu11;
				GCC_NO_COMMON_BLOCKS = YES;
				GCC_WARN_64_TO_32_BIT_CONVERSION = YES;
				GCC_WARN_ABOUT_RETURN_TYPE = YES_ERROR;
				GCC_WARN_UNDECLARED_SELECTOR = YES;
				GCC_WARN_UNINITIALIZED_AUTOS = YES_AGGRESSIVE;
				GCC_WARN_UNUSED_FUNCTION = YES;
				GCC_WARN_UNUSED_VARIABLE = YES;
				IPHONEOS_DEPLOYMENT_TARGET = 13.2;
				MTL_ENABLE_DEBUG_INFO = NO;
				MTL_FAST_MATH = YES;
				SDKROOT = iphoneos;
				SWIFT_COMPILATION_MODE = wholemodule;
				SWIFT_OPTIMIZATION_LEVEL = "-O";
				VALIDATE_PRODUCT = YES;
			};
			name = Release;
		};
		84A5023C23EFBEBA006B60C6 /* Debug */ = {
			isa = XCBuildConfiguration;
			baseConfigurationReference = 7BF8D9F7989B07DF541889FE /* Pods-DahuaEvents.debug.xcconfig */;
			buildSettings = {
				ASSETCATALOG_COMPILER_APPICON_NAME = AppIcon;
				CODE_SIGN_STYLE = Automatic;
				INFOPLIST_FILE = DahuaEvents/Info.plist;
				LD_RUNPATH_SEARCH_PATHS = (
					"$(inherited)",
					"@executable_path/Frameworks",
				);
				PRODUCT_BUNDLE_IDENTIFIER = com.DahuaEvents;
				PRODUCT_NAME = "$(TARGET_NAME)";
				SWIFT_VERSION = 5.0;
				TARGETED_DEVICE_FAMILY = "1,2";
			};
			name = Debug;
		};
		84A5023D23EFBEBA006B60C6 /* Release */ = {
			isa = XCBuildConfiguration;
			baseConfigurationReference = A0EAA125DCC1CE911D187FB1 /* Pods-DahuaEvents.release.xcconfig */;
			buildSettings = {
				ASSETCATALOG_COMPILER_APPICON_NAME = AppIcon;
				CODE_SIGN_STYLE = Automatic;
				INFOPLIST_FILE = DahuaEvents/Info.plist;
				LD_RUNPATH_SEARCH_PATHS = (
					"$(inherited)",
					"@executable_path/Frameworks",
				);
				PRODUCT_BUNDLE_IDENTIFIER = com.DahuaEvents;
				PRODUCT_NAME = "$(TARGET_NAME)";
				SWIFT_VERSION = 5.0;
				TARGETED_DEVICE_FAMILY = "1,2";
			};
			name = Release;
		};
/* End XCBuildConfiguration section */

/* Begin XCConfigurationList section */
		84A5022223EFBEB7006B60C6 /* Build configuration list for PBXProject "DahuaEvents" */ = {
			isa = XCConfigurationList;
			buildConfigurations = (
				84A5023923EFBEBA006B60C6 /* Debug */,
				84A5023A23EFBEBA006B60C6 /* Release */,
			);
			defaultConfigurationIsVisible = 0;
			defaultConfigurationName = Release;
		};
		84A5023B23EFBEBA006B60C6 /* Build configuration list for PBXNativeTarget "DahuaEvents" */ = {
			isa = XCConfigurationList;
			buildConfigurations = (
				84A5023C23EFBEBA006B60C6 /* Debug */,
				84A5023D23EFBEBA006B60C6 /* Release */,
			);
			defaultConfigurationIsVisible = 0;
			defaultConfigurationName = Release;
		};
/* End XCConfigurationList section */
	};
	rootObject = 84A5021F23EFBEB7006B60C6 /* Project object */;
}
